
Microsoft Visual Studio Solution File, Format Version 12.00
# Visual Studio 14
VisualStudioVersion = 14.0.22823.1
MinimumVisualStudioVersion = 10.0.40219.1
Project("{2150E333-8FDC-42A3-9474-1A3956D46DE8}") = "src", "src", "{4F9B9652-DF2E-4940-A0CD-240DF7BB828F}"
EndProject
Project("{2150E333-8FDC-42A3-9474-1A3956D46DE8}") = "Solution Items", "Solution Items", "{0D407EA1-1919-4A9B-852B-7FF27ECC544A}"
	ProjectSection(SolutionItems) = preProject
		global.json = global.json
	EndProjectSection
EndProject
Project("{8BB2217D-0F2D-49D1-97BC-3654ED321F3B}") = "BasicAuthentication", "src\BasicAuthentication\BasicAuthentication.xproj", "{13C3A567-D0A4-4751-A273-2C3CAC80AF17}"
EndProject
Global
	GlobalSection(SolutionConfigurationPlatforms) = preSolution
		Debug|Any CPU = Debug|Any CPU
		Release|Any CPU = Release|Any CPU
	EndGlobalSection
	GlobalSection(ProjectConfigurationPlatforms) = postSolution
		{13C3A567-D0A4-4751-A273-2C3CAC80AF17}.Debug|Any CPU.ActiveCfg = Debug|Any CPU
		{13C3A567-D0A4-4751-A273-2C3CAC80AF17}.Debug|Any CPU.Build.0 = Debug|Any CPU
		{13C3A567-D0A4-4751-A273-2C3CAC80AF17}.Release|Any CPU.ActiveCfg = Release|Any CPU
		{13C3A567-D0A4-4751-A273-2C3CAC80AF17}.Release|Any CPU.Build.0 = Release|Any CPU
	EndGlobalSection
	GlobalSection(SolutionProperties) = preSolution
		HideSolutionNode = FALSE
	EndGlobalSection
	GlobalSection(NestedProjects) = preSolution
		{13C3A567-D0A4-4751-A273-2C3CAC80AF17} = {4F9B9652-DF2E-4940-A0CD-240DF7BB828F}
	EndGlobalSection
EndGlobal
